// !$*UTF8*$!
{
	archiveVersion = 1;
	classes = {
	};
	objectVersion = 51;
	objects = {

/* Begin PBXBuildFile section */
		3E01179827C57A0E007DF604 /* Math.swift in Sources */ = {isa = PBXBuildFile; fileRef = 3E01179727C57A0E007DF604 /* Math.swift */; };
		3E0491FE26F20182000F725D /* AppDelegate.swift in Sources */ = {isa = PBXBuildFile; fileRef = 3E0491FD26F20182000F725D /* AppDelegate.swift */; };
		3E04920726F20184000F725D /* Assets.xcassets in Resources */ = {isa = PBXBuildFile; fileRef = 3E04920626F20184000F725D /* Assets.xcassets */; };
		3E04920A26F20184000F725D /* LaunchScreen.storyboard in Resources */ = {isa = PBXBuildFile; fileRef = 3E04920826F20184000F725D /* LaunchScreen.storyboard */; };
		3E1742DF270CACDD0051DE24 /* ColorPickerViewController.swift in Sources */ = {isa = PBXBuildFile; fileRef = 3E1742DE270CACDD0051DE24 /* ColorPickerViewController.swift */; };
		3E1742E1270D97EB0051DE24 /* PlayersCountViewController.swift in Sources */ = {isa = PBXBuildFile; fileRef = 3E1742E0270D97EB0051DE24 /* PlayersCountViewController.swift */; };
		3E1742E3270DA4C90051DE24 /* DeckListViewController.swift in Sources */ = {isa = PBXBuildFile; fileRef = 3E1742E2270DA4C90051DE24 /* DeckListViewController.swift */; };
		3E1742E5270DABBF0051DE24 /* Luma.swift in Sources */ = {isa = PBXBuildFile; fileRef = 3E1742E4270DABBF0051DE24 /* Luma.swift */; };
		3E1742E7270DC87B0051DE24 /* DeckNavigationController.swift in Sources */ = {isa = PBXBuildFile; fileRef = 3E1742E6270DC87A0051DE24 /* DeckNavigationController.swift */; };
		3E1742E9270DE8FC0051DE24 /* RoomViewController.swift in Sources */ = {isa = PBXBuildFile; fileRef = 3E1742E8270DE8FC0051DE24 /* RoomViewController.swift */; };
		3E1742EB270DE96B0051DE24 /* RoomViewModel.swift in Sources */ = {isa = PBXBuildFile; fileRef = 3E1742EA270DE96B0051DE24 /* RoomViewModel.swift */; };
		3E1742ED270DEA0B0051DE24 /* DeckInfoViewController.swift in Sources */ = {isa = PBXBuildFile; fileRef = 3E1742EC270DEA0B0051DE24 /* DeckInfoViewController.swift */; };
		3E1742F1270E1D2A0051DE24 /* ServiceSession.swift in Sources */ = {isa = PBXBuildFile; fileRef = 3E1742F0270E1D2A0051DE24 /* ServiceSession.swift */; };
		3E1979F427B670DA002A33A5 /* Gesture.swift in Sources */ = {isa = PBXBuildFile; fileRef = 3E1979F327B670DA002A33A5 /* Gesture.swift */; };
		3E1979F627B6725E002A33A5 /* CardsStackView.swift in Sources */ = {isa = PBXBuildFile; fileRef = 3E1979F527B6725E002A33A5 /* CardsStackView.swift */; };
		3E1979F827B67994002A33A5 /* CardsStackViewController.swift in Sources */ = {isa = PBXBuildFile; fileRef = 3E1979F727B67994002A33A5 /* CardsStackViewController.swift */; };
		3E1979FA27B682C7002A33A5 /* FloatingGesture.swift in Sources */ = {isa = PBXBuildFile; fileRef = 3E1979F927B682C7002A33A5 /* FloatingGesture.swift */; };
		3E23768A271F24B4004E3D93 /* RolePickerViewController.swift in Sources */ = {isa = PBXBuildFile; fileRef = 3E237689271F24B4004E3D93 /* RolePickerViewController.swift */; };
		3E2A68D527D2AE2D00E86157 /* InsetsTableCell.swift in Sources */ = {isa = PBXBuildFile; fileRef = 3E2A68D427D2AE2D00E86157 /* InsetsTableCell.swift */; };
		3E329893270A2331002DD185 /* Role.swift in Sources */ = {isa = PBXBuildFile; fileRef = 3E329892270A2330002DD185 /* Role.swift */; };
		3E329897270A2E0D002DD185 /* RolesViewControllers.swift in Sources */ = {isa = PBXBuildFile; fileRef = 3E329896270A2E0D002DD185 /* RolesViewControllers.swift */; };
		3E3F559727CB6E8800F34B4F /* DecksViewController.swift in Sources */ = {isa = PBXBuildFile; fileRef = 3E3F559627CB6E8800F34B4F /* DecksViewController.swift */; };
		3E3F559B27CB8F7B00F34B4F /* DataStorage.swift in Sources */ = {isa = PBXBuildFile; fileRef = 3E3F559A27CB8F7B00F34B4F /* DataStorage.swift */; };
		3E3F559D27CBA26500F34B4F /* StateTableView.swift in Sources */ = {isa = PBXBuildFile; fileRef = 3E3F559C27CBA26500F34B4F /* StateTableView.swift */; };
		3E3F559F27CE38E600F34B4F /* DeckViewController.swift in Sources */ = {isa = PBXBuildFile; fileRef = 3E3F559E27CE38E600F34B4F /* DeckViewController.swift */; };
		3E3F55A127CE686900F34B4F /* TableCell.swift in Sources */ = {isa = PBXBuildFile; fileRef = 3E3F55A027CE686900F34B4F /* TableCell.swift */; };
		3E3F55A327CE68EA00F34B4F /* DeckView.swift in Sources */ = {isa = PBXBuildFile; fileRef = 3E3F55A227CE68EA00F34B4F /* DeckView.swift */; };
		3E3F55A627CEA5F200F34B4F /* CircleRoleView.swift in Sources */ = {isa = PBXBuildFile; fileRef = 3E3F55A527CEA5F200F34B4F /* CircleRoleView.swift */; };
		3E3F55A827CEA61100F34B4F /* CircleRolesView.swift in Sources */ = {isa = PBXBuildFile; fileRef = 3E3F55A727CEA61100F34B4F /* CircleRolesView.swift */; };
		3E3F55AB27CF432D00F34B4F /* BaseNavigationControlller.swift in Sources */ = {isa = PBXBuildFile; fileRef = 3E3F55AA27CF432D00F34B4F /* BaseNavigationControlller.swift */; };
		3E3F55AE27CFAF7400F34B4F /* InsetsTextField.swift in Sources */ = {isa = PBXBuildFile; fileRef = 3E3F55AD27CFAF7400F34B4F /* InsetsTextField.swift */; };
		3E3F55B027D008FD00F34B4F /* Deck.swift in Sources */ = {isa = PBXBuildFile; fileRef = 3E3F55AF27D008FD00F34B4F /* Deck.swift */; };
		3E3F55B427D0ADD300F34B4F /* MixerViewController.swift in Sources */ = {isa = PBXBuildFile; fileRef = 3E3F55B327D0ADD300F34B4F /* MixerViewController.swift */; };
		3E3F55B627D0D1B600F34B4F /* Stepper.swift in Sources */ = {isa = PBXBuildFile; fileRef = 3E3F55B527D0D1B600F34B4F /* Stepper.swift */; };
		3E3F55B827D107D100F34B4F /* MixerBarView.swift in Sources */ = {isa = PBXBuildFile; fileRef = 3E3F55B727D107D100F34B4F /* MixerBarView.swift */; };
		3E3F55BA27D13F3700F34B4F /* RoleCountView.swift in Sources */ = {isa = PBXBuildFile; fileRef = 3E3F55B927D13F3700F34B4F /* RoleCountView.swift */; };
		3E3F55BC27D2301D00F34B4F /* DecksDisplaerViewController.swift in Sources */ = {isa = PBXBuildFile; fileRef = 3E3F55BB27D2301D00F34B4F /* DecksDisplaerViewController.swift */; };
		3E496AD1270AF7C3003D915C /* RoleView.swift in Sources */ = {isa = PBXBuildFile; fileRef = 3E496AD0270AF7C3003D915C /* RoleView.swift */; };
		3E496AD3270B4917003D915C /* RoleViewController.swift in Sources */ = {isa = PBXBuildFile; fileRef = 3E496AD2270B4917003D915C /* RoleViewController.swift */; };
		3E496AD5270C856B003D915C /* RolesViewModel.swift in Sources */ = {isa = PBXBuildFile; fileRef = 3E496AD4270C856B003D915C /* RolesViewModel.swift */; };
		3E4CCF57270596670062943C /* API.swift in Sources */ = {isa = PBXBuildFile; fileRef = 3E4CCF56270596670062943C /* API.swift */; };
		3E5B087427072FA900265422 /* UserManager.swift in Sources */ = {isa = PBXBuildFile; fileRef = 3E5B087327072FA800265422 /* UserManager.swift */; };
		3E5B0876270731FB00265422 /* LoadingState.swift in Sources */ = {isa = PBXBuildFile; fileRef = 3E5B0875270731FB00265422 /* LoadingState.swift */; };
		3E5B0878270744BF00265422 /* Observable.swift in Sources */ = {isa = PBXBuildFile; fileRef = 3E5B0877270744BF00265422 /* Observable.swift */; };
		3E5B087A2709A1A500265422 /* Icons.swift in Sources */ = {isa = PBXBuildFile; fileRef = 3E5B08792709A1A500265422 /* Icons.swift */; };
		3E5B087C2709D95C00265422 /* RoomView.swift in Sources */ = {isa = PBXBuildFile; fileRef = 3E5B087B2709D95C00265422 /* RoomView.swift */; };
		3E5B087E2709E0B000265422 /* StateCollectionView.swift in Sources */ = {isa = PBXBuildFile; fileRef = 3E5B087D2709E0B000265422 /* StateCollectionView.swift */; };
		3E7E336E27102DDD00EBC684 /* CardViewController.swift in Sources */ = {isa = PBXBuildFile; fileRef = 3E7E336D27102DDD00EBC684 /* CardViewController.swift */; };
		3E7E33702710730000EBC684 /* BigTitleView.swift in Sources */ = {isa = PBXBuildFile; fileRef = 3E7E336F2710730000EBC684 /* BigTitleView.swift */; };
		3E7E337227107B3100EBC684 /* CardView.swift in Sources */ = {isa = PBXBuildFile; fileRef = 3E7E337127107B3100EBC684 /* CardView.swift */; };
		3E8356002705A3100046AE83 /* MultiplayerViewController.swift in Sources */ = {isa = PBXBuildFile; fileRef = 3E8355FF2705A3100046AE83 /* MultiplayerViewController.swift */; };
		3E8356062705A9BB0046AE83 /* User.swift in Sources */ = {isa = PBXBuildFile; fileRef = 3E8356052705A9BB0046AE83 /* User.swift */; };
		3E8356092705ABDC0046AE83 /* Design.swift in Sources */ = {isa = PBXBuildFile; fileRef = 3E8356082705ABDC0046AE83 /* Design.swift */; };
		3E83560E2705B9EA0046AE83 /* AutorizationViewController.swift in Sources */ = {isa = PBXBuildFile; fileRef = 3E83560D2705B9EA0046AE83 /* AutorizationViewController.swift */; };
		3E8356102705C1F20046AE83 /* Room.swift in Sources */ = {isa = PBXBuildFile; fileRef = 3E83560F2705C1F20046AE83 /* Room.swift */; };
		3E8356122705C2050046AE83 /* Event.swift in Sources */ = {isa = PBXBuildFile; fileRef = 3E8356112705C2040046AE83 /* Event.swift */; };
		3E8356152705C69D0046AE83 /* DescTextFieldView.swift in Sources */ = {isa = PBXBuildFile; fileRef = 3E8356142705C69D0046AE83 /* DescTextFieldView.swift */; };
		3E8356172705CACE0046AE83 /* StackListView.swift in Sources */ = {isa = PBXBuildFile; fileRef = 3E8356162705CACE0046AE83 /* StackListView.swift */; };
		3E8356192705CBE90046AE83 /* Colors.swift in Sources */ = {isa = PBXBuildFile; fileRef = 3E8356182705CBE90046AE83 /* Colors.swift */; };
		3E83561C2705CD1C0046AE83 /* Extension.swift in Sources */ = {isa = PBXBuildFile; fileRef = 3E83561B2705CD1C0046AE83 /* Extension.swift */; };
		3E83561E2705CE9F0046AE83 /* StateTextField.swift in Sources */ = {isa = PBXBuildFile; fileRef = 3E83561D2705CE9F0046AE83 /* StateTextField.swift */; };
		3ECF18652771DA2000E0C86C /* GoogleService-Info.plist in Resources */ = {isa = PBXBuildFile; fileRef = 3ECF18642771DA2000E0C86C /* GoogleService-Info.plist */; };
		3ECF57582715A5C1000856BA /* CardsViewController.swift in Sources */ = {isa = PBXBuildFile; fileRef = 3ECF57572715A5C1000856BA /* CardsViewController.swift */; };
		3ECF57602715DE6F000856BA /* SingleplayerViewController.swift in Sources */ = {isa = PBXBuildFile; fileRef = 3ECF575F2715DE6F000856BA /* SingleplayerViewController.swift */; };
		3ECF57622715E12E000856BA /* TabViewController.swift in Sources */ = {isa = PBXBuildFile; fileRef = 3ECF57612715E12E000856BA /* TabViewController.swift */; };
		3ED2E916270F268A0040DD33 /* UserCell.swift in Sources */ = {isa = PBXBuildFile; fileRef = 3ED2E915270F268A0040DD33 /* UserCell.swift */; };
		3EE005DD270EEC570038C1EA /* MultiplayerViewControllerPresenter.swift in Sources */ = {isa = PBXBuildFile; fileRef = 3EE005DC270EEC570038C1EA /* MultiplayerViewControllerPresenter.swift */; };
		3EE005E0270EF5E70038C1EA /* RoomCell.swift in Sources */ = {isa = PBXBuildFile; fileRef = 3EE005DF270EF5E70038C1EA /* RoomCell.swift */; };
		3EE005E2270EF9F90038C1EA /* RoomCache.swift in Sources */ = {isa = PBXBuildFile; fileRef = 3EE005E1270EF9F90038C1EA /* RoomCache.swift */; };
		AAFBB2552AC390B8452CD252 /* Pods_RoleCards.framework in Frameworks */ = {isa = PBXBuildFile; fileRef = AACFE689B6BE5778D6E1057A /* Pods_RoleCards.framework */; };
/* End PBXBuildFile section */

/* Begin PBXFileReference section */
		3E01179727C57A0E007DF604 /* Math.swift */ = {isa = PBXFileReference; lastKnownFileType = sourcecode.swift; path = Math.swift; sourceTree = "<group>"; };
		3E0491FA26F20182000F725D /* RoleCards.app */ = {isa = PBXFileReference; explicitFileType = wrapper.application; includeInIndex = 0; path = RoleCards.app; sourceTree = BUILT_PRODUCTS_DIR; };
		3E0491FD26F20182000F725D /* AppDelegate.swift */ = {isa = PBXFileReference; lastKnownFileType = sourcecode.swift; path = AppDelegate.swift; sourceTree = "<group>"; };
		3E04920626F20184000F725D /* Assets.xcassets */ = {isa = PBXFileReference; lastKnownFileType = folder.assetcatalog; path = Assets.xcassets; sourceTree = "<group>"; };
		3E04920926F20184000F725D /* Base */ = {isa = PBXFileReference; lastKnownFileType = file.storyboard; name = Base; path = Base.lproj/LaunchScreen.storyboard; sourceTree = "<group>"; };
		3E04920B26F20184000F725D /* Info.plist */ = {isa = PBXFileReference; lastKnownFileType = text.plist.xml; path = Info.plist; sourceTree = "<group>"; };
		3E1742DE270CACDD0051DE24 /* ColorPickerViewController.swift */ = {isa = PBXFileReference; lastKnownFileType = sourcecode.swift; path = ColorPickerViewController.swift; sourceTree = "<group>"; };
		3E1742E0270D97EB0051DE24 /* PlayersCountViewController.swift */ = {isa = PBXFileReference; lastKnownFileType = sourcecode.swift; path = PlayersCountViewController.swift; sourceTree = "<group>"; };
		3E1742E2270DA4C90051DE24 /* DeckListViewController.swift */ = {isa = PBXFileReference; lastKnownFileType = sourcecode.swift; path = DeckListViewController.swift; sourceTree = "<group>"; };
		3E1742E4270DABBF0051DE24 /* Luma.swift */ = {isa = PBXFileReference; lastKnownFileType = sourcecode.swift; path = Luma.swift; sourceTree = "<group>"; };
		3E1742E6270DC87A0051DE24 /* DeckNavigationController.swift */ = {isa = PBXFileReference; lastKnownFileType = sourcecode.swift; path = DeckNavigationController.swift; sourceTree = "<group>"; };
		3E1742E8270DE8FC0051DE24 /* RoomViewController.swift */ = {isa = PBXFileReference; lastKnownFileType = sourcecode.swift; path = RoomViewController.swift; sourceTree = "<group>"; };
		3E1742EA270DE96B0051DE24 /* RoomViewModel.swift */ = {isa = PBXFileReference; lastKnownFileType = sourcecode.swift; path = RoomViewModel.swift; sourceTree = "<group>"; };
		3E1742EC270DEA0B0051DE24 /* DeckInfoViewController.swift */ = {isa = PBXFileReference; lastKnownFileType = sourcecode.swift; path = DeckInfoViewController.swift; sourceTree = "<group>"; };
		3E1742F0270E1D2A0051DE24 /* ServiceSession.swift */ = {isa = PBXFileReference; lastKnownFileType = sourcecode.swift; path = ServiceSession.swift; sourceTree = "<group>"; };
		3E1979F327B670DA002A33A5 /* Gesture.swift */ = {isa = PBXFileReference; lastKnownFileType = sourcecode.swift; path = Gesture.swift; sourceTree = "<group>"; };
		3E1979F527B6725E002A33A5 /* CardsStackView.swift */ = {isa = PBXFileReference; lastKnownFileType = sourcecode.swift; path = CardsStackView.swift; sourceTree = "<group>"; };
		3E1979F727B67994002A33A5 /* CardsStackViewController.swift */ = {isa = PBXFileReference; lastKnownFileType = sourcecode.swift; path = CardsStackViewController.swift; sourceTree = "<group>"; };
		3E1979F927B682C7002A33A5 /* FloatingGesture.swift */ = {isa = PBXFileReference; lastKnownFileType = sourcecode.swift; path = FloatingGesture.swift; sourceTree = "<group>"; };
		3E237689271F24B4004E3D93 /* RolePickerViewController.swift */ = {isa = PBXFileReference; lastKnownFileType = sourcecode.swift; path = RolePickerViewController.swift; sourceTree = "<group>"; };
		3E2A68D427D2AE2D00E86157 /* InsetsTableCell.swift */ = {isa = PBXFileReference; lastKnownFileType = sourcecode.swift; path = InsetsTableCell.swift; sourceTree = "<group>"; };
		3E329892270A2330002DD185 /* Role.swift */ = {isa = PBXFileReference; lastKnownFileType = sourcecode.swift; path = Role.swift; sourceTree = "<group>"; };
		3E329896270A2E0D002DD185 /* RolesViewControllers.swift */ = {isa = PBXFileReference; lastKnownFileType = sourcecode.swift; path = RolesViewControllers.swift; sourceTree = "<group>"; };
		3E3F559627CB6E8800F34B4F /* DecksViewController.swift */ = {isa = PBXFileReference; lastKnownFileType = sourcecode.swift; path = DecksViewController.swift; sourceTree = "<group>"; };
		3E3F559A27CB8F7B00F34B4F /* DataStorage.swift */ = {isa = PBXFileReference; lastKnownFileType = sourcecode.swift; path = DataStorage.swift; sourceTree = "<group>"; };
		3E3F559C27CBA26500F34B4F /* StateTableView.swift */ = {isa = PBXFileReference; lastKnownFileType = sourcecode.swift; path = StateTableView.swift; sourceTree = "<group>"; };
		3E3F559E27CE38E600F34B4F /* DeckViewController.swift */ = {isa = PBXFileReference; lastKnownFileType = sourcecode.swift; path = DeckViewController.swift; sourceTree = "<group>"; };
		3E3F55A027CE686900F34B4F /* TableCell.swift */ = {isa = PBXFileReference; lastKnownFileType = sourcecode.swift; path = TableCell.swift; sourceTree = "<group>"; };
		3E3F55A227CE68EA00F34B4F /* DeckView.swift */ = {isa = PBXFileReference; lastKnownFileType = sourcecode.swift; path = DeckView.swift; sourceTree = "<group>"; };
		3E3F55A527CEA5F200F34B4F /* CircleRoleView.swift */ = {isa = PBXFileReference; lastKnownFileType = sourcecode.swift; path = CircleRoleView.swift; sourceTree = "<group>"; };
		3E3F55A727CEA61100F34B4F /* CircleRolesView.swift */ = {isa = PBXFileReference; lastKnownFileType = sourcecode.swift; path = CircleRolesView.swift; sourceTree = "<group>"; };
		3E3F55AA27CF432D00F34B4F /* BaseNavigationControlller.swift */ = {isa = PBXFileReference; lastKnownFileType = sourcecode.swift; path = BaseNavigationControlller.swift; sourceTree = "<group>"; };
		3E3F55AD27CFAF7400F34B4F /* InsetsTextField.swift */ = {isa = PBXFileReference; lastKnownFileType = sourcecode.swift; path = InsetsTextField.swift; sourceTree = "<group>"; };
		3E3F55AF27D008FD00F34B4F /* Deck.swift */ = {isa = PBXFileReference; lastKnownFileType = sourcecode.swift; path = Deck.swift; sourceTree = "<group>"; };
		3E3F55B327D0ADD300F34B4F /* MixerViewController.swift */ = {isa = PBXFileReference; lastKnownFileType = sourcecode.swift; path = MixerViewController.swift; sourceTree = "<group>"; };
		3E3F55B527D0D1B600F34B4F /* Stepper.swift */ = {isa = PBXFileReference; lastKnownFileType = sourcecode.swift; path = Stepper.swift; sourceTree = "<group>"; };
		3E3F55B727D107D100F34B4F /* MixerBarView.swift */ = {isa = PBXFileReference; lastKnownFileType = sourcecode.swift; path = MixerBarView.swift; sourceTree = "<group>"; };
		3E3F55B927D13F3700F34B4F /* RoleCountView.swift */ = {isa = PBXFileReference; lastKnownFileType = sourcecode.swift; path = RoleCountView.swift; sourceTree = "<group>"; };
		3E3F55BB27D2301D00F34B4F /* DecksDisplaerViewController.swift */ = {isa = PBXFileReference; lastKnownFileType = sourcecode.swift; path = DecksDisplaerViewController.swift; sourceTree = "<group>"; };
		3E496AD0270AF7C3003D915C /* RoleView.swift */ = {isa = PBXFileReference; lastKnownFileType = sourcecode.swift; path = RoleView.swift; sourceTree = "<group>"; };
		3E496AD2270B4917003D915C /* RoleViewController.swift */ = {isa = PBXFileReference; lastKnownFileType = sourcecode.swift; path = RoleViewController.swift; sourceTree = "<group>"; };
		3E496AD4270C856B003D915C /* RolesViewModel.swift */ = {isa = PBXFileReference; lastKnownFileType = sourcecode.swift; path = RolesViewModel.swift; sourceTree = "<group>"; };
		3E4CCF56270596670062943C /* API.swift */ = {isa = PBXFileReference; lastKnownFileType = sourcecode.swift; path = API.swift; sourceTree = "<group>"; };
		3E5B087327072FA800265422 /* UserManager.swift */ = {isa = PBXFileReference; lastKnownFileType = sourcecode.swift; path = UserManager.swift; sourceTree = "<group>"; };
		3E5B0875270731FB00265422 /* LoadingState.swift */ = {isa = PBXFileReference; lastKnownFileType = sourcecode.swift; path = LoadingState.swift; sourceTree = "<group>"; };
		3E5B0877270744BF00265422 /* Observable.swift */ = {isa = PBXFileReference; lastKnownFileType = sourcecode.swift; path = Observable.swift; sourceTree = "<group>"; };
		3E5B08792709A1A500265422 /* Icons.swift */ = {isa = PBXFileReference; lastKnownFileType = sourcecode.swift; path = Icons.swift; sourceTree = "<group>"; };
		3E5B087B2709D95C00265422 /* RoomView.swift */ = {isa = PBXFileReference; lastKnownFileType = sourcecode.swift; path = RoomView.swift; sourceTree = "<group>"; };
		3E5B087D2709E0B000265422 /* StateCollectionView.swift */ = {isa = PBXFileReference; lastKnownFileType = sourcecode.swift; path = StateCollectionView.swift; sourceTree = "<group>"; };
		3E7E336D27102DDD00EBC684 /* CardViewController.swift */ = {isa = PBXFileReference; lastKnownFileType = sourcecode.swift; path = CardViewController.swift; sourceTree = "<group>"; };
		3E7E336F2710730000EBC684 /* BigTitleView.swift */ = {isa = PBXFileReference; lastKnownFileType = sourcecode.swift; path = BigTitleView.swift; sourceTree = "<group>"; };
		3E7E337127107B3100EBC684 /* CardView.swift */ = {isa = PBXFileReference; lastKnownFileType = sourcecode.swift; path = CardView.swift; sourceTree = "<group>"; };
		3E8355FF2705A3100046AE83 /* MultiplayerViewController.swift */ = {isa = PBXFileReference; lastKnownFileType = sourcecode.swift; path = MultiplayerViewController.swift; sourceTree = "<group>"; };
		3E8356052705A9BB0046AE83 /* User.swift */ = {isa = PBXFileReference; lastKnownFileType = sourcecode.swift; path = User.swift; sourceTree = "<group>"; };
		3E8356082705ABDC0046AE83 /* Design.swift */ = {isa = PBXFileReference; lastKnownFileType = sourcecode.swift; path = Design.swift; sourceTree = "<group>"; };
		3E83560D2705B9EA0046AE83 /* AutorizationViewController.swift */ = {isa = PBXFileReference; lastKnownFileType = sourcecode.swift; path = AutorizationViewController.swift; sourceTree = "<group>"; };
		3E83560F2705C1F20046AE83 /* Room.swift */ = {isa = PBXFileReference; lastKnownFileType = sourcecode.swift; path = Room.swift; sourceTree = "<group>"; };
		3E8356112705C2040046AE83 /* Event.swift */ = {isa = PBXFileReference; lastKnownFileType = sourcecode.swift; path = Event.swift; sourceTree = "<group>"; };
		3E8356142705C69D0046AE83 /* DescTextFieldView.swift */ = {isa = PBXFileReference; lastKnownFileType = sourcecode.swift; path = DescTextFieldView.swift; sourceTree = "<group>"; };
		3E8356162705CACE0046AE83 /* StackListView.swift */ = {isa = PBXFileReference; lastKnownFileType = sourcecode.swift; path = StackListView.swift; sourceTree = "<group>"; };
		3E8356182705CBE90046AE83 /* Colors.swift */ = {isa = PBXFileReference; lastKnownFileType = sourcecode.swift; path = Colors.swift; sourceTree = "<group>"; };
		3E83561B2705CD1C0046AE83 /* Extension.swift */ = {isa = PBXFileReference; lastKnownFileType = sourcecode.swift; path = Extension.swift; sourceTree = "<group>"; };
		3E83561D2705CE9F0046AE83 /* StateTextField.swift */ = {isa = PBXFileReference; lastKnownFileType = sourcecode.swift; path = StateTextField.swift; sourceTree = "<group>"; };
		3ECF18642771DA2000E0C86C /* GoogleService-Info.plist */ = {isa = PBXFileReference; fileEncoding = 4; lastKnownFileType = text.plist.xml; path = "GoogleService-Info.plist"; sourceTree = "<group>"; };
		3ECF57572715A5C1000856BA /* CardsViewController.swift */ = {isa = PBXFileReference; lastKnownFileType = sourcecode.swift; path = CardsViewController.swift; sourceTree = "<group>"; };
		3ECF575F2715DE6F000856BA /* SingleplayerViewController.swift */ = {isa = PBXFileReference; lastKnownFileType = sourcecode.swift; path = SingleplayerViewController.swift; sourceTree = "<group>"; };
		3ECF57612715E12E000856BA /* TabViewController.swift */ = {isa = PBXFileReference; lastKnownFileType = sourcecode.swift; path = TabViewController.swift; sourceTree = "<group>"; };
		3ED2E915270F268A0040DD33 /* UserCell.swift */ = {isa = PBXFileReference; lastKnownFileType = sourcecode.swift; path = UserCell.swift; sourceTree = "<group>"; };
		3EE005DC270EEC570038C1EA /* MultiplayerViewControllerPresenter.swift */ = {isa = PBXFileReference; lastKnownFileType = sourcecode.swift; path = MultiplayerViewControllerPresenter.swift; sourceTree = "<group>"; };
		3EE005DF270EF5E70038C1EA /* RoomCell.swift */ = {isa = PBXFileReference; lastKnownFileType = sourcecode.swift; path = RoomCell.swift; sourceTree = "<group>"; };
		3EE005E1270EF9F90038C1EA /* RoomCache.swift */ = {isa = PBXFileReference; lastKnownFileType = sourcecode.swift; path = RoomCache.swift; sourceTree = "<group>"; };
		AACFE689B6BE5778D6E1057A /* Pods_RoleCards.framework */ = {isa = PBXFileReference; explicitFileType = wrapper.framework; includeInIndex = 0; path = Pods_RoleCards.framework; sourceTree = BUILT_PRODUCTS_DIR; };
		AD12698998361BB982F6E4E3 /* Pods-RoleCards.release.xcconfig */ = {isa = PBXFileReference; includeInIndex = 1; lastKnownFileType = text.xcconfig; name = "Pods-RoleCards.release.xcconfig"; path = "Target Support Files/Pods-RoleCards/Pods-RoleCards.release.xcconfig"; sourceTree = "<group>"; };
		F680F93E18B308DB67611330 /* Pods-RoleCards.debug.xcconfig */ = {isa = PBXFileReference; includeInIndex = 1; lastKnownFileType = text.xcconfig; name = "Pods-RoleCards.debug.xcconfig"; path = "Target Support Files/Pods-RoleCards/Pods-RoleCards.debug.xcconfig"; sourceTree = "<group>"; };
/* End PBXFileReference section */

/* Begin PBXFrameworksBuildPhase section */
		3E0491F726F20182000F725D /* Frameworks */ = {
			isa = PBXFrameworksBuildPhase;
			buildActionMask = 2147483647;
			files = (
				AAFBB2552AC390B8452CD252 /* Pods_RoleCards.framework in Frameworks */,
			);
			runOnlyForDeploymentPostprocessing = 0;
		};
/* End PBXFrameworksBuildPhase section */

/* Begin PBXGroup section */
		367E3D866CDE04B854DAB3EA /* Pods */ = {
			isa = PBXGroup;
			children = (
				F680F93E18B308DB67611330 /* Pods-RoleCards.debug.xcconfig */,
				AD12698998361BB982F6E4E3 /* Pods-RoleCards.release.xcconfig */,
			);
			path = Pods;
			sourceTree = "<group>";
		};
		3E0491F126F20182000F725D = {
			isa = PBXGroup;
			children = (
				3E0491FC26F20182000F725D /* RoleCards */,
				3E0491FB26F20182000F725D /* Products */,
				367E3D866CDE04B854DAB3EA /* Pods */,
				8D457196B1605BFEF9EA4EDD /* Frameworks */,
			);
			sourceTree = "<group>";
		};
		3E0491FB26F20182000F725D /* Products */ = {
			isa = PBXGroup;
			children = (
				3E0491FA26F20182000F725D /* RoleCards.app */,
			);
			name = Products;
			sourceTree = "<group>";
		};
		3E0491FC26F20182000F725D /* RoleCards */ = {
			isa = PBXGroup;
			children = (
				3E8356072705ABCC0046AE83 /* Interface */,
				3E4CCF55270596410062943C /* ViewControllers */,
				3E4CCF542705961F0062943C /* Networing */,
				3E8356042705A9A30046AE83 /* Model */,
				3E83560A2705AE2A0046AE83 /* AppUtils */,
				3E83561A2705CD0E0046AE83 /* Tools */,
				3E0491FD26F20182000F725D /* AppDelegate.swift */,
				3E04920626F20184000F725D /* Assets.xcassets */,
				3E04920826F20184000F725D /* LaunchScreen.storyboard */,
				3E04920B26F20184000F725D /* Info.plist */,
				3ECF18642771DA2000E0C86C /* GoogleService-Info.plist */,
			);
			path = RoleCards;
			sourceTree = "<group>";
		};
		3E1742EE270DEA260051DE24 /* HandOut */ = {
			isa = PBXGroup;
			children = (
				3E3F55B227D0ADBC00F34B4F /* Mixer */,
				3E3F559527CB6E7800F34B4F /* Decks */,
				3ECF575F2715DE6F000856BA /* SingleplayerViewController.swift */,
				3E329896270A2E0D002DD185 /* RolesViewControllers.swift */,
				3E496AD2270B4917003D915C /* RoleViewController.swift */,
				3E1742E0270D97EB0051DE24 /* PlayersCountViewController.swift */,
				3E1742DE270CACDD0051DE24 /* ColorPickerViewController.swift */,
				3ECF57572715A5C1000856BA /* CardsViewController.swift */,
				3E237689271F24B4004E3D93 /* RolePickerViewController.swift */,
				3E1979F727B67994002A33A5 /* CardsStackViewController.swift */,
			);
			path = HandOut;
			sourceTree = "<group>";
		};
		3E1742EF270DEA5E0051DE24 /* Multiplayer */ = {
			isa = PBXGroup;
			children = (
				3E8355FF2705A3100046AE83 /* MultiplayerViewController.swift */,
				3EE005DC270EEC570038C1EA /* MultiplayerViewControllerPresenter.swift */,
				3E1742E8270DE8FC0051DE24 /* RoomViewController.swift */,
				3E83560D2705B9EA0046AE83 /* AutorizationViewController.swift */,
				3E1742E2270DA4C90051DE24 /* DeckListViewController.swift */,
				3E1742E6270DC87A0051DE24 /* DeckNavigationController.swift */,
				3E1742EC270DEA0B0051DE24 /* DeckInfoViewController.swift */,
				3E7E336D27102DDD00EBC684 /* CardViewController.swift */,
			);
			path = Multiplayer;
			sourceTree = "<group>";
		};
		3E3F559527CB6E7800F34B4F /* Decks */ = {
			isa = PBXGroup;
			children = (
				3E3F559627CB6E8800F34B4F /* DecksViewController.swift */,
				3E3F559E27CE38E600F34B4F /* DeckViewController.swift */,
				3E3F55BB27D2301D00F34B4F /* DecksDisplaerViewController.swift */,
			);
			path = Decks;
			sourceTree = "<group>";
		};
		3E3F55A427CEA55F00F34B4F /* Deck */ = {
			isa = PBXGroup;
			children = (
				3E3F55A227CE68EA00F34B4F /* DeckView.swift */,
				3E3F55A527CEA5F200F34B4F /* CircleRoleView.swift */,
				3E3F55A727CEA61100F34B4F /* CircleRolesView.swift */,
			);
			path = Deck;
			sourceTree = "<group>";
		};
		3E3F55AC27CFAF5A00F34B4F /* Components */ = {
			isa = PBXGroup;
			children = (
				3E3F559C27CBA26500F34B4F /* StateTableView.swift */,
				3E83561D2705CE9F0046AE83 /* StateTextField.swift */,
				3E5B087D2709E0B000265422 /* StateCollectionView.swift */,
				3E3F55AD27CFAF7400F34B4F /* InsetsTextField.swift */,
				3E3F55B527D0D1B600F34B4F /* Stepper.swift */,
			);
			path = Components;
			sourceTree = "<group>";
		};
		3E3F55B127D0092700F34B4F /* Structs */ = {
			isa = PBXGroup;
			children = (
				3E3F55AF27D008FD00F34B4F /* Deck.swift */,
				3E8356052705A9BB0046AE83 /* User.swift */,
				3E83560F2705C1F20046AE83 /* Room.swift */,
				3E8356112705C2040046AE83 /* Event.swift */,
				3E329892270A2330002DD185 /* Role.swift */,
			);
			path = Structs;
			sourceTree = "<group>";
		};
		3E3F55B227D0ADBC00F34B4F /* Mixer */ = {
			isa = PBXGroup;
			children = (
				3E3F55B327D0ADD300F34B4F /* MixerViewController.swift */,
				3E3F55B727D107D100F34B4F /* MixerBarView.swift */,
			);
			path = Mixer;
			sourceTree = "<group>";
		};
		3E4CCF542705961F0062943C /* Networing */ = {
			isa = PBXGroup;
			children = (
				3E4CCF56270596670062943C /* API.swift */,
				3E1742F0270E1D2A0051DE24 /* ServiceSession.swift */,
			);
			path = Networing;
			sourceTree = "<group>";
		};
		3E4CCF55270596410062943C /* ViewControllers */ = {
			isa = PBXGroup;
			children = (
				3ECF57612715E12E000856BA /* TabViewController.swift */,
				3E3F55AA27CF432D00F34B4F /* BaseNavigationControlller.swift */,
				3E1742EF270DEA5E0051DE24 /* Multiplayer */,
				3E1742EE270DEA260051DE24 /* HandOut */,
			);
			path = ViewControllers;
			sourceTree = "<group>";
		};
		3E8356042705A9A30046AE83 /* Model */ = {
			isa = PBXGroup;
			children = (
				3E3F55B127D0092700F34B4F /* Structs */,
				3E3F559A27CB8F7B00F34B4F /* DataStorage.swift */,
				3E5B087327072FA800265422 /* UserManager.swift */,
				3EE005E1270EF9F90038C1EA /* RoomCache.swift */,
				3E1742EA270DE96B0051DE24 /* RoomViewModel.swift */,
				3E496AD4270C856B003D915C /* RolesViewModel.swift */,
			);
			path = Model;
			sourceTree = "<group>";
		};
		3E8356072705ABCC0046AE83 /* Interface */ = {
			isa = PBXGroup;
			children = (
				3E3F55AC27CFAF5A00F34B4F /* Components */,
				3EE005DE270EF5B60038C1EA /* Cell */,
				3E8356132705C67B0046AE83 /* View */,
				3E8356082705ABDC0046AE83 /* Design.swift */,
				3E8356182705CBE90046AE83 /* Colors.swift */,
				3E5B08792709A1A500265422 /* Icons.swift */,
			);
			path = Interface;
			sourceTree = "<group>";
		};
		3E83560A2705AE2A0046AE83 /* AppUtils */ = {
			isa = PBXGroup;
			children = (
				3E1979F327B670DA002A33A5 /* Gesture.swift */,
				3E1979F927B682C7002A33A5 /* FloatingGesture.swift */,
				3E5B0875270731FB00265422 /* LoadingState.swift */,
				3E01179727C57A0E007DF604 /* Math.swift */,
				3E3F55A027CE686900F34B4F /* TableCell.swift */,
				3E2A68D427D2AE2D00E86157 /* InsetsTableCell.swift */,
			);
			path = AppUtils;
			sourceTree = "<group>";
		};
		3E8356132705C67B0046AE83 /* View */ = {
			isa = PBXGroup;
			children = (
				3E3F55A427CEA55F00F34B4F /* Deck */,
				3E8356142705C69D0046AE83 /* DescTextFieldView.swift */,
				3E8356162705CACE0046AE83 /* StackListView.swift */,
				3E5B087B2709D95C00265422 /* RoomView.swift */,
				3E496AD0270AF7C3003D915C /* RoleView.swift */,
				3E1979F527B6725E002A33A5 /* CardsStackView.swift */,
				3E7E336F2710730000EBC684 /* BigTitleView.swift */,
				3E7E337127107B3100EBC684 /* CardView.swift */,
				3E3F55B927D13F3700F34B4F /* RoleCountView.swift */,
			);
			path = View;
			sourceTree = "<group>";
		};
		3E83561A2705CD0E0046AE83 /* Tools */ = {
			isa = PBXGroup;
			children = (
				3E83561B2705CD1C0046AE83 /* Extension.swift */,
				3E5B0877270744BF00265422 /* Observable.swift */,
				3E1742E4270DABBF0051DE24 /* Luma.swift */,
			);
			path = Tools;
			sourceTree = "<group>";
		};
		3EE005DE270EF5B60038C1EA /* Cell */ = {
			isa = PBXGroup;
			children = (
				3EE005DF270EF5E70038C1EA /* RoomCell.swift */,
				3ED2E915270F268A0040DD33 /* UserCell.swift */,
			);
			path = Cell;
			sourceTree = "<group>";
		};
		8D457196B1605BFEF9EA4EDD /* Frameworks */ = {
			isa = PBXGroup;
			children = (
				AACFE689B6BE5778D6E1057A /* Pods_RoleCards.framework */,
			);
			name = Frameworks;
			sourceTree = "<group>";
		};
/* End PBXGroup section */

/* Begin PBXNativeTarget section */
		3E0491F926F20182000F725D /* RoleCards */ = {
			isa = PBXNativeTarget;
			buildConfigurationList = 3E04920E26F20184000F725D /* Build configuration list for PBXNativeTarget "RoleCards" */;
			buildPhases = (
				5A609CC9FE7245C3616DA90E /* [CP] Check Pods Manifest.lock */,
				3E0491F626F20182000F725D /* Sources */,
				3E0491F726F20182000F725D /* Frameworks */,
				3E0491F826F20182000F725D /* Resources */,
				3560F2ABC3369ED3D6153E21 /* [CP] Embed Pods Frameworks */,
			);
			buildRules = (
			);
			dependencies = (
			);
			name = RoleCards;
			productName = RoleCards;
			productReference = 3E0491FA26F20182000F725D /* RoleCards.app */;
			productType = "com.apple.product-type.application";
		};
/* End PBXNativeTarget section */

/* Begin PBXProject section */
		3E0491F226F20182000F725D /* Project object */ = {
			isa = PBXProject;
			attributes = {
				LastSwiftUpdateCheck = 1250;
				LastUpgradeCheck = 1250;
				TargetAttributes = {
					3E0491F926F20182000F725D = {
						CreatedOnToolsVersion = 12.5;
					};
				};
			};
			buildConfigurationList = 3E0491F526F20182000F725D /* Build configuration list for PBXProject "RoleCards" */;
			compatibilityVersion = "Xcode 9.3";
			developmentRegion = en;
			hasScannedForEncodings = 0;
			knownRegions = (
				en,
				Base,
			);
			mainGroup = 3E0491F126F20182000F725D;
			productRefGroup = 3E0491FB26F20182000F725D /* Products */;
			projectDirPath = "";
			projectRoot = "";
			targets = (
				3E0491F926F20182000F725D /* RoleCards */,
			);
		};
/* End PBXProject section */

/* Begin PBXResourcesBuildPhase section */
		3E0491F826F20182000F725D /* Resources */ = {
			isa = PBXResourcesBuildPhase;
			buildActionMask = 2147483647;
			files = (
				3E04920A26F20184000F725D /* LaunchScreen.storyboard in Resources */,
				3E04920726F20184000F725D /* Assets.xcassets in Resources */,
				3ECF18652771DA2000E0C86C /* GoogleService-Info.plist in Resources */,
			);
			runOnlyForDeploymentPostprocessing = 0;
		};
/* End PBXResourcesBuildPhase section */

/* Begin PBXShellScriptBuildPhase section */
		3560F2ABC3369ED3D6153E21 /* [CP] Embed Pods Frameworks */ = {
			isa = PBXShellScriptBuildPhase;
			buildActionMask = 2147483647;
			files = (
			);
			inputFileListPaths = (
				"${PODS_ROOT}/Target Support Files/Pods-RoleCards/Pods-RoleCards-frameworks-${CONFIGURATION}-input-files.xcfilelist",
			);
			name = "[CP] Embed Pods Frameworks";
			outputFileListPaths = (
				"${PODS_ROOT}/Target Support Files/Pods-RoleCards/Pods-RoleCards-frameworks-${CONFIGURATION}-output-files.xcfilelist",
			);
			runOnlyForDeploymentPostprocessing = 0;
			shellPath = /bin/sh;
			shellScript = "\"${PODS_ROOT}/Target Support Files/Pods-RoleCards/Pods-RoleCards-frameworks.sh\"\n";
			showEnvVarsInLog = 0;
		};
		5A609CC9FE7245C3616DA90E /* [CP] Check Pods Manifest.lock */ = {
			isa = PBXShellScriptBuildPhase;
			buildActionMask = 2147483647;
			files = (
			);
			inputFileListPaths = (
			);
			inputPaths = (
				"${PODS_PODFILE_DIR_PATH}/Podfile.lock",
				"${PODS_ROOT}/Manifest.lock",
			);
			name = "[CP] Check Pods Manifest.lock";
			outputFileListPaths = (
			);
			outputPaths = (
				"$(DERIVED_FILE_DIR)/Pods-RoleCards-checkManifestLockResult.txt",
			);
			runOnlyForDeploymentPostprocessing = 0;
			shellPath = /bin/sh;
			shellScript = "diff \"${PODS_PODFILE_DIR_PATH}/Podfile.lock\" \"${PODS_ROOT}/Manifest.lock\" > /dev/null\nif [ $? != 0 ] ; then\n    # print error to STDERR\n    echo \"error: The sandbox is not in sync with the Podfile.lock. Run 'pod install' or update your CocoaPods installation.\" >&2\n    exit 1\nfi\n# This output is used by Xcode 'outputs' to avoid re-running this script phase.\necho \"SUCCESS\" > \"${SCRIPT_OUTPUT_FILE_0}\"\n";
			showEnvVarsInLog = 0;
		};
/* End PBXShellScriptBuildPhase section */

/* Begin PBXSourcesBuildPhase section */
		3E0491F626F20182000F725D /* Sources */ = {
			isa = PBXSourcesBuildPhase;
			buildActionMask = 2147483647;
			files = (
				3E23768A271F24B4004E3D93 /* RolePickerViewController.swift in Sources */,
				3E1742DF270CACDD0051DE24 /* ColorPickerViewController.swift in Sources */,
				3E5B0878270744BF00265422 /* Observable.swift in Sources */,
				3E3F55A327CE68EA00F34B4F /* DeckView.swift in Sources */,
				3E496AD1270AF7C3003D915C /* RoleView.swift in Sources */,
				3E1742E9270DE8FC0051DE24 /* RoomViewController.swift in Sources */,
				3E8356152705C69D0046AE83 /* DescTextFieldView.swift in Sources */,
				3E8356192705CBE90046AE83 /* Colors.swift in Sources */,
				3E5B087427072FA900265422 /* UserManager.swift in Sources */,
				3E8356122705C2050046AE83 /* Event.swift in Sources */,
				3E1742EB270DE96B0051DE24 /* RoomViewModel.swift in Sources */,
				3E1742E7270DC87B0051DE24 /* DeckNavigationController.swift in Sources */,
				3E3F55B027D008FD00F34B4F /* Deck.swift in Sources */,
				3E3F559727CB6E8800F34B4F /* DecksViewController.swift in Sources */,
				3E5B087A2709A1A500265422 /* Icons.swift in Sources */,
				3E1979F427B670DA002A33A5 /* Gesture.swift in Sources */,
				3EE005E2270EF9F90038C1EA /* RoomCache.swift in Sources */,
				3ECF57602715DE6F000856BA /* SingleplayerViewController.swift in Sources */,
				3E1979F627B6725E002A33A5 /* CardsStackView.swift in Sources */,
				3E3F55BC27D2301D00F34B4F /* DecksDisplaerViewController.swift in Sources */,
				3E3F55A827CEA61100F34B4F /* CircleRolesView.swift in Sources */,
				3E83561E2705CE9F0046AE83 /* StateTextField.swift in Sources */,
				3E01179827C57A0E007DF604 /* Math.swift in Sources */,
				3E83561C2705CD1C0046AE83 /* Extension.swift in Sources */,
				3E3F55B627D0D1B600F34B4F /* Stepper.swift in Sources */,
				3E7E337227107B3100EBC684 /* CardView.swift in Sources */,
				3E83560E2705B9EA0046AE83 /* AutorizationViewController.swift in Sources */,
				3E5B087C2709D95C00265422 /* RoomView.swift in Sources */,
				3E8356062705A9BB0046AE83 /* User.swift in Sources */,
				3E8356102705C1F20046AE83 /* Room.swift in Sources */,
				3E2A68D527D2AE2D00E86157 /* InsetsTableCell.swift in Sources */,
				3E1742E5270DABBF0051DE24 /* Luma.swift in Sources */,
				3E329897270A2E0D002DD185 /* RolesViewControllers.swift in Sources */,
				3E4CCF57270596670062943C /* API.swift in Sources */,
				3EE005DD270EEC570038C1EA /* MultiplayerViewControllerPresenter.swift in Sources */,
				3E7E336E27102DDD00EBC684 /* CardViewController.swift in Sources */,
				3ECF57622715E12E000856BA /* TabViewController.swift in Sources */,
				3E8356002705A3100046AE83 /* MultiplayerViewController.swift in Sources */,
				3E3F55BA27D13F3700F34B4F /* RoleCountView.swift in Sources */,
				3E3F559F27CE38E600F34B4F /* DeckViewController.swift in Sources */,
				3E1742E3270DA4C90051DE24 /* DeckListViewController.swift in Sources */,
				3E3F559D27CBA26500F34B4F /* StateTableView.swift in Sources */,
				3E3F559B27CB8F7B00F34B4F /* DataStorage.swift in Sources */,
				3E3F55B427D0ADD300F34B4F /* MixerViewController.swift in Sources */,
				3E3F55B827D107D100F34B4F /* MixerBarView.swift in Sources */,
				3E3F55AB27CF432D00F34B4F /* BaseNavigationControlller.swift in Sources */,
				3E1742E1270D97EB0051DE24 /* PlayersCountViewController.swift in Sources */,
				3E8356172705CACE0046AE83 /* StackListView.swift in Sources */,
				3ECF57582715A5C1000856BA /* CardsViewController.swift in Sources */,
				3E3F55A127CE686900F34B4F /* TableCell.swift in Sources */,
				3E5B087E2709E0B000265422 /* StateCollectionView.swift in Sources */,
				3E1979FA27B682C7002A33A5 /* FloatingGesture.swift in Sources */,
				3E1742ED270DEA0B0051DE24 /* DeckInfoViewController.swift in Sources */,
				3E5B0876270731FB00265422 /* LoadingState.swift in Sources */,
				3E496AD3270B4917003D915C /* RoleViewController.swift in Sources */,
				3E496AD5270C856B003D915C /* RolesViewModel.swift in Sources */,
				3E0491FE26F20182000F725D /* AppDelegate.swift in Sources */,
				3E3F55AE27CFAF7400F34B4F /* InsetsTextField.swift in Sources */,
				3E1979F827B67994002A33A5 /* CardsStackViewController.swift in Sources */,
				3E3F55A627CEA5F200F34B4F /* CircleRoleView.swift in Sources */,
				3ED2E916270F268A0040DD33 /* UserCell.swift in Sources */,
				3E8356092705ABDC0046AE83 /* Design.swift in Sources */,
				3E329893270A2331002DD185 /* Role.swift in Sources */,
				3E7E33702710730000EBC684 /* BigTitleView.swift in Sources */,
				3EE005E0270EF5E70038C1EA /* RoomCell.swift in Sources */,
				3E1742F1270E1D2A0051DE24 /* ServiceSession.swift in Sources */,
			);
			runOnlyForDeploymentPostprocessing = 0;
		};
/* End PBXSourcesBuildPhase section */

/* Begin PBXVariantGroup section */
		3E04920826F20184000F725D /* LaunchScreen.storyboard */ = {
			isa = PBXVariantGroup;
			children = (
				3E04920926F20184000F725D /* Base */,
			);
			name = LaunchScreen.storyboard;
			sourceTree = "<group>";
		};
/* End PBXVariantGroup section */

/* Begin XCBuildConfiguration section */
		3E04920C26F20184000F725D /* Debug */ = {
			isa = XCBuildConfiguration;
			buildSettings = {
				ALWAYS_SEARCH_USER_PATHS = NO;
				CLANG_ANALYZER_NONNULL = YES;
				CLANG_ANALYZER_NUMBER_OBJECT_CONVERSION = YES_AGGRESSIVE;
				CLANG_CXX_LANGUAGE_STANDARD = "gnu++14";
				CLANG_CXX_LIBRARY = "libc++";
				CLANG_ENABLE_MODULES = YES;
				CLANG_ENABLE_OBJC_ARC = YES;
				CLANG_ENABLE_OBJC_WEAK = YES;
				CLANG_WARN_BLOCK_CAPTURE_AUTORELEASING = YES;
				CLANG_WARN_BOOL_CONVERSION = YES;
				CLANG_WARN_COMMA = YES;
				CLANG_WARN_CONSTANT_CONVERSION = YES;
				CLANG_WARN_DEPRECATED_OBJC_IMPLEMENTATIONS = YES;
				CLANG_WARN_DIRECT_OBJC_ISA_USAGE = YES_ERROR;
				CLANG_WARN_DOCUMENTATION_COMMENTS = YES;
				CLANG_WARN_EMPTY_BODY = YES;
				CLANG_WARN_ENUM_CONVERSION = YES;
				CLANG_WARN_INFINITE_RECURSION = YES;
				CLANG_WARN_INT_CONVERSION = YES;
				CLANG_WARN_NON_LITERAL_NULL_CONVERSION = YES;
				CLANG_WARN_OBJC_IMPLICIT_RETAIN_SELF = YES;
				CLANG_WARN_OBJC_LITERAL_CONVERSION = YES;
				CLANG_WARN_OBJC_ROOT_CLASS = YES_ERROR;
				CLANG_WARN_QUOTED_INCLUDE_IN_FRAMEWORK_HEADER = YES;
				CLANG_WARN_RANGE_LOOP_ANALYSIS = YES;
				CLANG_WARN_STRICT_PROTOTYPES = YES;
				CLANG_WARN_SUSPICIOUS_MOVE = YES;
				CLANG_WARN_UNGUARDED_AVAILABILITY = YES_AGGRESSIVE;
				CLANG_WARN_UNREACHABLE_CODE = YES;
				CLANG_WARN__DUPLICATE_METHOD_MATCH = YES;
				COPY_PHASE_STRIP = NO;
				DEBUG_INFORMATION_FORMAT = dwarf;
				ENABLE_STRICT_OBJC_MSGSEND = YES;
				ENABLE_TESTABILITY = YES;
				GCC_C_LANGUAGE_STANDARD = gnu11;
				GCC_DYNAMIC_NO_PIC = NO;
				GCC_NO_COMMON_BLOCKS = YES;
				GCC_OPTIMIZATION_LEVEL = 0;
				GCC_PREPROCESSOR_DEFINITIONS = (
					"DEBUG=1",
					"$(inherited)",
				);
				GCC_WARN_64_TO_32_BIT_CONVERSION = YES;
				GCC_WARN_ABOUT_RETURN_TYPE = YES_ERROR;
				GCC_WARN_UNDECLARED_SELECTOR = YES;
				GCC_WARN_UNINITIALIZED_AUTOS = YES_AGGRESSIVE;
				GCC_WARN_UNUSED_FUNCTION = YES;
				GCC_WARN_UNUSED_VARIABLE = YES;
				IPHONEOS_DEPLOYMENT_TARGET = 10.0;
				MTL_ENABLE_DEBUG_INFO = INCLUDE_SOURCE;
				MTL_FAST_MATH = YES;
				ONLY_ACTIVE_ARCH = YES;
				SDKROOT = iphoneos;
				SWIFT_ACTIVE_COMPILATION_CONDITIONS = DEBUG;
				SWIFT_OPTIMIZATION_LEVEL = "-Onone";
			};
			name = Debug;
		};
		3E04920D26F20184000F725D /* Release */ = {
			isa = XCBuildConfiguration;
			buildSettings = {
				ALWAYS_SEARCH_USER_PATHS = NO;
				CLANG_ANALYZER_NONNULL = YES;
				CLANG_ANALYZER_NUMBER_OBJECT_CONVERSION = YES_AGGRESSIVE;
				CLANG_CXX_LANGUAGE_STANDARD = "gnu++14";
				CLANG_CXX_LIBRARY = "libc++";
				CLANG_ENABLE_MODULES = YES;
				CLANG_ENABLE_OBJC_ARC = YES;
				CLANG_ENABLE_OBJC_WEAK = YES;
				CLANG_WARN_BLOCK_CAPTURE_AUTORELEASING = YES;
				CLANG_WARN_BOOL_CONVERSION = YES;
				CLANG_WARN_COMMA = YES;
				CLANG_WARN_CONSTANT_CONVERSION = YES;
				CLANG_WARN_DEPRECATED_OBJC_IMPLEMENTATIONS = YES;
				CLANG_WARN_DIRECT_OBJC_ISA_USAGE = YES_ERROR;
				CLANG_WARN_DOCUMENTATION_COMMENTS = YES;
				CLANG_WARN_EMPTY_BODY = YES;
				CLANG_WARN_ENUM_CONVERSION = YES;
				CLANG_WARN_INFINITE_RECURSION = YES;
				CLANG_WARN_INT_CONVERSION = YES;
				CLANG_WARN_NON_LITERAL_NULL_CONVERSION = YES;
				CLANG_WARN_OBJC_IMPLICIT_RETAIN_SELF = YES;
				CLANG_WARN_OBJC_LITERAL_CONVERSION = YES;
				CLANG_WARN_OBJC_ROOT_CLASS = YES_ERROR;
				CLANG_WARN_QUOTED_INCLUDE_IN_FRAMEWORK_HEADER = YES;
				CLANG_WARN_RANGE_LOOP_ANALYSIS = YES;
				CLANG_WARN_STRICT_PROTOTYPES = YES;
				CLANG_WARN_SUSPICIOUS_MOVE = YES;
				CLANG_WARN_UNGUARDED_AVAILABILITY = YES_AGGRESSIVE;
				CLANG_WARN_UNREACHABLE_CODE = YES;
				CLANG_WARN__DUPLICATE_METHOD_MATCH = YES;
				COPY_PHASE_STRIP = NO;
				DEBUG_INFORMATION_FORMAT = "dwarf-with-dsym";
				ENABLE_NS_ASSERTIONS = NO;
				ENABLE_STRICT_OBJC_MSGSEND = YES;
				GCC_C_LANGUAGE_STANDARD = gnu11;
				GCC_NO_COMMON_BLOCKS = YES;
				GCC_WARN_64_TO_32_BIT_CONVERSION = YES;
				GCC_WARN_ABOUT_RETURN_TYPE = YES_ERROR;
				GCC_WARN_UNDECLARED_SELECTOR = YES;
				GCC_WARN_UNINITIALIZED_AUTOS = YES_AGGRESSIVE;
				GCC_WARN_UNUSED_FUNCTION = YES;
				GCC_WARN_UNUSED_VARIABLE = YES;
				IPHONEOS_DEPLOYMENT_TARGET = 10.0;
				MTL_ENABLE_DEBUG_INFO = NO;
				MTL_FAST_MATH = YES;
				SDKROOT = iphoneos;
				SWIFT_COMPILATION_MODE = wholemodule;
				SWIFT_OPTIMIZATION_LEVEL = "-O";
				VALIDATE_PRODUCT = YES;
			};
			name = Release;
		};
		3E04920F26F20184000F725D /* Debug */ = {
			isa = XCBuildConfiguration;
			baseConfigurationReference = F680F93E18B308DB67611330 /* Pods-RoleCards.debug.xcconfig */;
			buildSettings = {
				ASSETCATALOG_COMPILER_APPICON_NAME = AppIcon;
				ASSETCATALOG_COMPILER_GLOBAL_ACCENT_COLOR_NAME = AccentColor;
				CODE_SIGN_STYLE = Automatic;
				CURRENT_PROJECT_VERSION = 2;
				DEVELOPMENT_TEAM = R24W57U338;
				INFOPLIST_FILE = RoleCards/Info.plist;
				IPHONEOS_DEPLOYMENT_TARGET = 10.0;
				LD_RUNPATH_SEARCH_PATHS = (
					"$(inherited)",
					"@executable_path/Frameworks",
				);
				MARKETING_VERSION = 0.2.1;
				PRODUCT_BUNDLE_IDENTIFIER = Jeytery.RoleCards;
				PRODUCT_NAME = "$(TARGET_NAME)";
				SWIFT_VERSION = 5.0;
				TARGETED_DEVICE_FAMILY = 1;
			};
			name = Debug;
		};
		3E04921026F20184000F725D /* Release */ = {
			isa = XCBuildConfiguration;
			baseConfigurationReference = AD12698998361BB982F6E4E3 /* Pods-RoleCards.release.xcconfig */;
			buildSettings = {
				ASSETCATALOG_COMPILER_APPICON_NAME = AppIcon;
				ASSETCATALOG_COMPILER_GLOBAL_ACCENT_COLOR_NAME = AccentColor;
				CODE_SIGN_STYLE = Automatic;
				CURRENT_PROJECT_VERSION = 2;
				DEVELOPMENT_TEAM = R24W57U338;
				INFOPLIST_FILE = RoleCards/Info.plist;
				IPHONEOS_DEPLOYMENT_TARGET = 10.0;
				LD_RUNPATH_SEARCH_PATHS = (
					"$(inherited)",
					"@executable_path/Frameworks",
				);
				MARKETING_VERSION = 0.2.1;
				PRODUCT_BUNDLE_IDENTIFIER = Jeytery.RoleCards;
				PRODUCT_NAME = "$(TARGET_NAME)";
				SWIFT_VERSION = 5.0;
				TARGETED_DEVICE_FAMILY = 1;
			};
			name = Release;
		};
/* End XCBuildConfiguration section */

/* Begin XCConfigurationList section */
		3E0491F526F20182000F725D /* Build configuration list for PBXProject "RoleCards" */ = {
			isa = XCConfigurationList;
			buildConfigurations = (
				3E04920C26F20184000F725D /* Debug */,
				3E04920D26F20184000F725D /* Release */,
			);
			defaultConfigurationIsVisible = 0;
			defaultConfigurationName = Release;
		};
		3E04920E26F20184000F725D /* Build configuration list for PBXNativeTarget "RoleCards" */ = {
			isa = XCConfigurationList;
			buildConfigurations = (
				3E04920F26F20184000F725D /* Debug */,
				3E04921026F20184000F725D /* Release */,
			);
			defaultConfigurationIsVisible = 0;
			defaultConfigurationName = Release;
		};
/* End XCConfigurationList section */
	};
	rootObject = 3E0491F226F20182000F725D /* Project object */;
}
